
Microsoft Visual Studio Solution File, Format Version 12.00
# Visual Studio Version 17
VisualStudioVersion = 17.2.32616.157
MinimumVisualStudioVersion = 10.0.40219.1
Project("{2150E333-8FDC-42A3-9474-1A3956D46DE8}") = "0.Shared", "0.Shared", "{C86CB312-25C9-4EEF-90A7-584BD9D376E3}"
	ProjectSection(SolutionItems) = preProject
		src\0.Shared\README.md = src\0.Shared\README.md
	EndProjectSection
EndProject
Project("{2150E333-8FDC-42A3-9474-1A3956D46DE8}") = "1.Domain", "1.Domain", "{4A2A91C8-123D-48B6-926A-CDBBC8A02E15}"
	ProjectSection(SolutionItems) = preProject
		src\1.Domain\README.md = src\1.Domain\README.md
	EndProjectSection
EndProject
Project("{2150E333-8FDC-42A3-9474-1A3956D46DE8}") = "src", "src", "{F8B5951F-E196-456E-8B19-CA4A3B715BAD}"
	ProjectSection(SolutionItems) = preProject
		src\README.md = src\README.md
	EndProjectSection
EndProject
Project("{2150E333-8FDC-42A3-9474-1A3956D46DE8}") = "test", "test", "{75EF2C65-6455-4996-8F9F-C4D30F8D0D7F}"
	ProjectSection(SolutionItems) = preProject
		test\README.md = test\README.md
	EndProjectSection
EndProject
Project("{2150E333-8FDC-42A3-9474-1A3956D46DE8}") = "2.Applications", "2.Applications", "{83FF3D57-E54A-4D0F-BB7D-A61D9CB26429}"
	ProjectSection(SolutionItems) = preProject
		src\2.Application\README.md = src\2.Application\README.md
	EndProjectSection
EndProject
Project("{2150E333-8FDC-42A3-9474-1A3956D46DE8}") = "3.Infraestructure", "3.Infraestructure", "{01145DF8-E392-410F-9E0D-ECBACD413E3F}"
	ProjectSection(SolutionItems) = preProject
		src\3.Infraestructure\README.md = src\3.Infraestructure\README.md
	EndProjectSection
EndProject
Project("{2150E333-8FDC-42A3-9474-1A3956D46DE8}") = "4.Front", "4.Front", "{1B16FB74-7C17-4520-9672-FAFA3501FE8C}"
	ProjectSection(SolutionItems) = preProject
		src\4.Front\README.md = src\4.Front\README.md
	EndProjectSection
EndProject
Project("{2150E333-8FDC-42A3-9474-1A3956D46DE8}") = "Elementos de la solución", "Elementos de la solución", "{111C5B4B-3827-4045-97F6-A95C9864DD7E}"
	ProjectSection(SolutionItems) = preProject
		.gitignore = .gitignore
		README.md = README.md
	EndProjectSection
EndProject
Project("{FAE04EC0-301F-11D3-BF4B-00C04F79EFBC}") = "Domain", "src\1.Domain\Domain\Domain.csproj", "{C991F409-641A-45C4-95A4-81D6819E1956}"
EndProject
Project("{FAE04EC0-301F-11D3-BF4B-00C04F79EFBC}") = "Shared", "src\0.Shared\Shared\Shared.csproj", "{53271F43-FFAA-433E-8315-C308825907F1}"
EndProject
Project("{FAE04EC0-301F-11D3-BF4B-00C04F79EFBC}") = "Domain.Command", "src\1.Domain\Domain.Command\Domain.Command.csproj", "{27F4BD38-39C1-48B0-A383-9A065920D495}"
EndProject
Project("{FAE04EC0-301F-11D3-BF4B-00C04F79EFBC}") = "Domain.Query", "src\1.Domain\Domain.Query\Domain.Query.csproj", "{EAD63853-BDAF-409C-8C88-C4311E285D99}"
EndProject
Project("{2150E333-8FDC-42A3-9474-1A3956D46DE8}") = "1.Domain", "1.Domain", "{D9E144AF-A421-42B2-ABD2-C9EE232B16FA}"
EndProject
Project("{FAE04EC0-301F-11D3-BF4B-00C04F79EFBC}") = "DomainTesting", "test\1.Domain\DomainTesting\DomainTesting.csproj", "{5D1B80BD-CDB4-4416-9664-21114EBABBFC}"
EndProject
Global
	GlobalSection(SolutionConfigurationPlatforms) = preSolution
		Debug|Any CPU = Debug|Any CPU
		Release|Any CPU = Release|Any CPU
	EndGlobalSection
	GlobalSection(ProjectConfigurationPlatforms) = postSolution
		{C991F409-641A-45C4-95A4-81D6819E1956}.Debug|Any CPU.ActiveCfg = Debug|Any CPU
		{C991F409-641A-45C4-95A4-81D6819E1956}.Debug|Any CPU.Build.0 = Debug|Any CPU
		{C991F409-641A-45C4-95A4-81D6819E1956}.Release|Any CPU.ActiveCfg = Release|Any CPU
		{C991F409-641A-45C4-95A4-81D6819E1956}.Release|Any CPU.Build.0 = Release|Any CPU
		{53271F43-FFAA-433E-8315-C308825907F1}.Debug|Any CPU.ActiveCfg = Debug|Any CPU
		{53271F43-FFAA-433E-8315-C308825907F1}.Debug|Any CPU.Build.0 = Debug|Any CPU
		{53271F43-FFAA-433E-8315-C308825907F1}.Release|Any CPU.ActiveCfg = Release|Any CPU
		{53271F43-FFAA-433E-8315-C308825907F1}.Release|Any CPU.Build.0 = Release|Any CPU
		{27F4BD38-39C1-48B0-A383-9A065920D495}.Debug|Any CPU.ActiveCfg = Debug|Any CPU
		{27F4BD38-39C1-48B0-A383-9A065920D495}.Debug|Any CPU.Build.0 = Debug|Any CPU
		{27F4BD38-39C1-48B0-A383-9A065920D495}.Release|Any CPU.ActiveCfg = Release|Any CPU
		{27F4BD38-39C1-48B0-A383-9A065920D495}.Release|Any CPU.Build.0 = Release|Any CPU
		{EAD63853-BDAF-409C-8C88-C4311E285D99}.Debug|Any CPU.ActiveCfg = Debug|Any CPU
		{EAD63853-BDAF-409C-8C88-C4311E285D99}.Debug|Any CPU.Build.0 = Debug|Any CPU
		{EAD63853-BDAF-409C-8C88-C4311E285D99}.Release|Any CPU.ActiveCfg = Release|Any CPU
		{EAD63853-BDAF-409C-8C88-C4311E285D99}.Release|Any CPU.Build.0 = Release|Any CPU
		{5D1B80BD-CDB4-4416-9664-21114EBABBFC}.Debug|Any CPU.ActiveCfg = Debug|Any CPU
		{5D1B80BD-CDB4-4416-9664-21114EBABBFC}.Debug|Any CPU.Build.0 = Debug|Any CPU
		{5D1B80BD-CDB4-4416-9664-21114EBABBFC}.Release|Any CPU.ActiveCfg = Release|Any CPU
		{5D1B80BD-CDB4-4416-9664-21114EBABBFC}.Release|Any CPU.Build.0 = Release|Any CPU
	EndGlobalSection
	GlobalSection(SolutionProperties) = preSolution
		HideSolutionNode = FALSE
	EndGlobalSection
	GlobalSection(NestedProjects) = preSolution
		{C86CB312-25C9-4EEF-90A7-584BD9D376E3} = {F8B5951F-E196-456E-8B19-CA4A3B715BAD}
		{4A2A91C8-123D-48B6-926A-CDBBC8A02E15} = {F8B5951F-E196-456E-8B19-CA4A3B715BAD}
		{83FF3D57-E54A-4D0F-BB7D-A61D9CB26429} = {F8B5951F-E196-456E-8B19-CA4A3B715BAD}
		{01145DF8-E392-410F-9E0D-ECBACD413E3F} = {F8B5951F-E196-456E-8B19-CA4A3B715BAD}
		{1B16FB74-7C17-4520-9672-FAFA3501FE8C} = {F8B5951F-E196-456E-8B19-CA4A3B715BAD}
		{C991F409-641A-45C4-95A4-81D6819E1956} = {4A2A91C8-123D-48B6-926A-CDBBC8A02E15}
		{53271F43-FFAA-433E-8315-C308825907F1} = {C86CB312-25C9-4EEF-90A7-584BD9D376E3}
		{27F4BD38-39C1-48B0-A383-9A065920D495} = {4A2A91C8-123D-48B6-926A-CDBBC8A02E15}
		{EAD63853-BDAF-409C-8C88-C4311E285D99} = {4A2A91C8-123D-48B6-926A-CDBBC8A02E15}
		{D9E144AF-A421-42B2-ABD2-C9EE232B16FA} = {75EF2C65-6455-4996-8F9F-C4D30F8D0D7F}
		{5D1B80BD-CDB4-4416-9664-21114EBABBFC} = {D9E144AF-A421-42B2-ABD2-C9EE232B16FA}
	EndGlobalSection
	GlobalSection(ExtensibilityGlobals) = postSolution
		SolutionGuid = {01520511-110F-409B-A8BA-25D84E940DB0}
	EndGlobalSection
EndGlobal
